
Microsoft Visual Studio Solution File, Format Version 12.00
Project("{FAE04EC0-301F-11D3-BF4B-00C04F79EFBC}") = "img_processing_test", "img_processing_test\img_processing_test.csproj", "{B734A98E-40EA-45D9-9E07-9CC99935DFF5}"
EndProject
Global
	GlobalSection(SolutionConfigurationPlatforms) = preSolution
		Debug|Any CPU = Debug|Any CPU
		Release|Any CPU = Release|Any CPU
	EndGlobalSection
	GlobalSection(ProjectConfigurationPlatforms) = postSolution
		{B734A98E-40EA-45D9-9E07-9CC99935DFF5}.Debug|Any CPU.ActiveCfg = Debug|Any CPU
		{B734A98E-40EA-45D9-9E07-9CC99935DFF5}.Debug|Any CPU.Build.0 = Debug|Any CPU
		{B734A98E-40EA-45D9-9E07-9CC99935DFF5}.Release|Any CPU.ActiveCfg = Release|Any CPU
		{B734A98E-40EA-45D9-9E07-9CC99935DFF5}.Release|Any CPU.Build.0 = Release|Any CPU
	EndGlobalSection
EndGlobal
